// !$*UTF8*$!
{
	archiveVersion = 1;
	classes = {
	};
	objectVersion = 56;
	objects = {

/* Begin PBXBuildFile section */
		73060C422BBDB10300035DAE /* PassTrackerToEditDelegate.swift in Sources */ = {isa = PBXBuildFile; fileRef = 73060C412BBDB10300035DAE /* PassTrackerToEditDelegate.swift */; };
		730CC7122BCEC65D00A43AB4 /* FilterViewModel.swift in Sources */ = {isa = PBXBuildFile; fileRef = 730CC7112BCEC65D00A43AB4 /* FilterViewModel.swift */; };
		730CC7142BCEC77100A43AB4 /* FilterViewModelProtocol.swift in Sources */ = {isa = PBXBuildFile; fileRef = 730CC7132BCEC77100A43AB4 /* FilterViewModelProtocol.swift */; };
		7311541D2BA23D0A0078C849 /* ChoosingTypeOfTrackerVC.swift in Sources */ = {isa = PBXBuildFile; fileRef = 7311541C2BA23D0A0078C849 /* ChoosingTypeOfTrackerVC.swift */; };
		7311541F2BA248D60078C849 /* CreatingOneOffTrackerVC.swift in Sources */ = {isa = PBXBuildFile; fileRef = 7311541E2BA248D60078C849 /* CreatingOneOffTrackerVC.swift */; };
		73171B972BC525C600C102A5 /* CreatingOneOffTrackerViewModel.swift in Sources */ = {isa = PBXBuildFile; fileRef = 73171B962BC525C600C102A5 /* CreatingOneOffTrackerViewModel.swift */; };
		7323AE5A2BD2B46700076143 /* String+Ext.swift in Sources */ = {isa = PBXBuildFile; fileRef = 7323AE592BD2B46700076143 /* String+Ext.swift */; };
		732C40872BAB7C5100D34632 /* UIViewController+Ext.swift in Sources */ = {isa = PBXBuildFile; fileRef = 732C40862BAB7C5100D34632 /* UIViewController+Ext.swift */; };
		732F0F622BC159BA00059E76 /* ChoosingCategoryVC+TableView.swift in Sources */ = {isa = PBXBuildFile; fileRef = 732F0F612BC159BA00059E76 /* ChoosingCategoryVC+TableView.swift */; };
		732F0F642BC15A1000059E76 /* ChoosingCategoryVC+ContextMenu.swift in Sources */ = {isa = PBXBuildFile; fileRef = 732F0F632BC15A0F00059E76 /* ChoosingCategoryVC+ContextMenu.swift */; };
		732F0F682BC15B9100059E76 /* ChoosingCategoryViewModel.swift in Sources */ = {isa = PBXBuildFile; fileRef = 732F0F672BC15B9100059E76 /* ChoosingCategoryViewModel.swift */; };
		7335BCB52BA1B3F3002271F3 /* TrackerCollectionViewCell.swift in Sources */ = {isa = PBXBuildFile; fileRef = 7335BCB42BA1B3F3002271F3 /* TrackerCollectionViewCell.swift */; };
		7335BCB72BA1B701002271F3 /* SupplementaryView.swift in Sources */ = {isa = PBXBuildFile; fileRef = 7335BCB62BA1B701002271F3 /* SupplementaryView.swift */; };
		7335BCBD2BA1FEE4002271F3 /* Tracker.swift in Sources */ = {isa = PBXBuildFile; fileRef = 7335BCBC2BA1FEE4002271F3 /* Tracker.swift */; };
		7335BCBF2BA1FF3F002271F3 /* TrackerCategory.swift in Sources */ = {isa = PBXBuildFile; fileRef = 7335BCBE2BA1FF3F002271F3 /* TrackerCategory.swift */; };
		7335BCC12BA1FF8D002271F3 /* TrackerRecord.swift in Sources */ = {isa = PBXBuildFile; fileRef = 7335BCC02BA1FF8D002271F3 /* TrackerRecord.swift */; };
		7349B7C62BD2D0F000D6C148 /* Localizable.stringsdict in Resources */ = {isa = PBXBuildFile; fileRef = 7349B7C42BD2D0F000D6C148 /* Localizable.stringsdict */; };
		7350FA4E2BC2E87C00661975 /* CustomCategoryCell.swift in Sources */ = {isa = PBXBuildFile; fileRef = 7350FA4D2BC2E87C00661975 /* CustomCategoryCell.swift */; };
		735D83182BA2F7880071D090 /* ScheduleVC.swift in Sources */ = {isa = PBXBuildFile; fileRef = 735D83172BA2F7880071D090 /* ScheduleVC.swift */; };
		7366C69E2BC87DB300F37FBF /* StatisticsVC+TableView.swift in Sources */ = {isa = PBXBuildFile; fileRef = 7366C69D2BC87DB300F37FBF /* StatisticsVC+TableView.swift */; };
		7366C6A02BC87DF800F37FBF /* StatisticViewModel.swift in Sources */ = {isa = PBXBuildFile; fileRef = 7366C69F2BC87DF800F37FBF /* StatisticViewModel.swift */; };
		7366C6A22BC87E3700F37FBF /* StatisticViewModelProtocol.swift in Sources */ = {isa = PBXBuildFile; fileRef = 7366C6A12BC87E3700F37FBF /* StatisticViewModelProtocol.swift */; };
		7366C6A52BC87F7200F37FBF /* StatisticsCustomCell.swift in Sources */ = {isa = PBXBuildFile; fileRef = 7366C6A42BC87F7100F37FBF /* StatisticsCustomCell.swift */; };
		736F5D542BBDA6C400C629DD /* EditingTrackerVC.swift in Sources */ = {isa = PBXBuildFile; fileRef = 736F5D532BBDA6C400C629DD /* EditingTrackerVC.swift */; };
		737BEEA02BBBFD9E00101D51 /* FilterTrackersViewController.swift in Sources */ = {isa = PBXBuildFile; fileRef = 737BEE9F2BBBFD9E00101D51 /* FilterTrackersViewController.swift */; };
		737D9E032BC40EA90002391F /* ScheduleVC + TableView.swift in Sources */ = {isa = PBXBuildFile; fileRef = 737D9E022BC40EA90002391F /* ScheduleVC + TableView.swift */; };
		737D9E072BC45A980002391F /* ScheduleViewModel.swift in Sources */ = {isa = PBXBuildFile; fileRef = 737D9E062BC45A980002391F /* ScheduleViewModel.swift */; };
		737D9E0B2BC464130002391F /* EditingCategoryViewModel.swift in Sources */ = {isa = PBXBuildFile; fileRef = 737D9E0A2BC464130002391F /* EditingCategoryViewModel.swift */; };
		737D9E0D2BC4661C0002391F /* EditingCategoryVC+TextField.swift in Sources */ = {isa = PBXBuildFile; fileRef = 737D9E0C2BC4661C0002391F /* EditingCategoryVC+TextField.swift */; };
		737D9E0F2BC46A5F0002391F /* EditingCategoryVC+Delegate.swift in Sources */ = {isa = PBXBuildFile; fileRef = 737D9E0E2BC46A5F0002391F /* EditingCategoryVC+Delegate.swift */; };
		737D9E192BC472B40002391F /* CreatingNewCategoryVC+TextFieldDelegate.swift in Sources */ = {isa = PBXBuildFile; fileRef = 737D9E182BC472B40002391F /* CreatingNewCategoryVC+TextFieldDelegate.swift */; };
		737D9E1C2BC474D80002391F /* CreatingOneOffTrackerVC+TextFieldDelegate.swift in Sources */ = {isa = PBXBuildFile; fileRef = 737D9E1B2BC474D80002391F /* CreatingOneOffTrackerVC+TextFieldDelegate.swift */; };
		737D9E1E2BC4760F0002391F /* CreatingOneOffTrackerVC+ScrollView.swift in Sources */ = {isa = PBXBuildFile; fileRef = 737D9E1D2BC4760F0002391F /* CreatingOneOffTrackerVC+ScrollView.swift */; };
		737D9E202BC477590002391F /* CreatingOneOffTrackerVC+CollectionView.swift in Sources */ = {isa = PBXBuildFile; fileRef = 737D9E1F2BC477590002391F /* CreatingOneOffTrackerVC+CollectionView.swift */; };
		737D9E222BC477CF0002391F /* CreatingOneOffTrackerVC+TableView.swift in Sources */ = {isa = PBXBuildFile; fileRef = 737D9E212BC477CF0002391F /* CreatingOneOffTrackerVC+TableView.swift */; };
		739DABF32BC562AE00B13471 /* TrackerVC+ContextMenu.swift in Sources */ = {isa = PBXBuildFile; fileRef = 739DABF22BC562AE00B13471 /* TrackerVC+ContextMenu.swift */; };
		739DABF52BC5635700B13471 /* TrackerVC+CollectionView.swift in Sources */ = {isa = PBXBuildFile; fileRef = 739DABF42BC5635700B13471 /* TrackerVC+CollectionView.swift */; };
		739DABF72BC566D600B13471 /* TrackerVC+Filter.swift in Sources */ = {isa = PBXBuildFile; fileRef = 739DABF62BC566D600B13471 /* TrackerVC+Filter.swift */; };
		739DABF92BC5673500B13471 /* TrackerVC+SearchResult.swift in Sources */ = {isa = PBXBuildFile; fileRef = 739DABF82BC5673500B13471 /* TrackerVC+SearchResult.swift */; };
		739DABFB2BC5680800B13471 /* TrackerVC+Delegates.swift in Sources */ = {isa = PBXBuildFile; fileRef = 739DABFA2BC5680800B13471 /* TrackerVC+Delegates.swift */; };
		739DABFD2BC5689700B13471 /* TrackerVC+HideDatePicker.swift in Sources */ = {isa = PBXBuildFile; fileRef = 739DABFC2BC5689700B13471 /* TrackerVC+HideDatePicker.swift */; };
		739DABFF2BC5696800B13471 /* TrackerViewModel.swift in Sources */ = {isa = PBXBuildFile; fileRef = 739DABFE2BC5696800B13471 /* TrackerViewModel.swift */; };
		73A42E1A2BBAA9F700830AF5 /* TrackerCategoryCoreData.swift in Sources */ = {isa = PBXBuildFile; fileRef = 73A42E142BBAA9F700830AF5 /* TrackerCategoryCoreData.swift */; };
		73A42E1C2BBAA9F700830AF5 /* TrackerCoreData.swift in Sources */ = {isa = PBXBuildFile; fileRef = 73A42E162BBAA9F700830AF5 /* TrackerCoreData.swift */; };
		73A42E1E2BBAA9F700830AF5 /* TrackerRecordCoreData.swift in Sources */ = {isa = PBXBuildFile; fileRef = 73A42E182BBAA9F700830AF5 /* TrackerRecordCoreData.swift */; };
		73A6304A2BAF6CFB00CDD02C /* TrackerCoreData.xcdatamodeld in Sources */ = {isa = PBXBuildFile; fileRef = 73A630482BAF6CFB00CDD02C /* TrackerCoreData.xcdatamodeld */; };
		73A7F59C2BB304B4006BE2C2 /* TrackerCoreManager.swift in Sources */ = {isa = PBXBuildFile; fileRef = 73A7F59B2BB304B4006BE2C2 /* TrackerCoreManager.swift */; };
		73B0643C2BC6823B00AEDCBA /* ViewModelProtocol.swift in Sources */ = {isa = PBXBuildFile; fileRef = 73B0643B2BC6823B00AEDCBA /* ViewModelProtocol.swift */; };
		73B064402BC6A13100AEDCBA /* BaseViewController.swift in Sources */ = {isa = PBXBuildFile; fileRef = 73B0643F2BC6A13100AEDCBA /* BaseViewController.swift */; };
		73B064422BC6AAEF00AEDCBA /* CreatingOneOffTrackerViewModelProtocol.swift in Sources */ = {isa = PBXBuildFile; fileRef = 73B064412BC6AAEF00AEDCBA /* CreatingOneOffTrackerViewModelProtocol.swift */; };
		73B28CFE2BA9667B00D4BF3E /* UIColor+Ext.swift in Sources */ = {isa = PBXBuildFile; fileRef = 73B28CFD2BA9667B00D4BF3E /* UIColor+Ext.swift */; };
		73B5C00F2BAE0D3900FEF126 /* EditingCategoryViewController.swift in Sources */ = {isa = PBXBuildFile; fileRef = 73B5C00E2BAE0D3800FEF126 /* EditingCategoryViewController.swift */; };
		73B5C0112BAE112D00FEF126 /* PassCategoryNameToEditingVC.swift in Sources */ = {isa = PBXBuildFile; fileRef = 73B5C0102BAE112D00FEF126 /* PassCategoryNameToEditingVC.swift */; };
		73B69E8C2BC7D2430034A5DA /* CreatingNewTrackerViewModelProtocol.swift in Sources */ = {isa = PBXBuildFile; fileRef = 73B69E8B2BC7D2430034A5DA /* CreatingNewTrackerViewModelProtocol.swift */; };
		73B69E8E2BC7DF4E0034A5DA /* TrackerViewModelProtocol.swift in Sources */ = {isa = PBXBuildFile; fileRef = 73B69E8D2BC7DF4E0034A5DA /* TrackerViewModelProtocol.swift */; };
		73B69E922BC7FFA80034A5DA /* EditingTrackerViewModelProtocol.swift in Sources */ = {isa = PBXBuildFile; fileRef = 73B69E912BC7FFA80034A5DA /* EditingTrackerViewModelProtocol.swift */; };
		73B69E942BC7FFB90034A5DA /* EditingTrackerViewModel.swift in Sources */ = {isa = PBXBuildFile; fileRef = 73B69E932BC7FFB90034A5DA /* EditingTrackerViewModel.swift */; };
		73B69E962BC802250034A5DA /* EditingTrackerVC+ScrollView.swift in Sources */ = {isa = PBXBuildFile; fileRef = 73B69E952BC802250034A5DA /* EditingTrackerVC+ScrollView.swift */; };
		73B69E982BC802470034A5DA /* EditingTrackerVC+CollectionView.swift in Sources */ = {isa = PBXBuildFile; fileRef = 73B69E972BC802470034A5DA /* EditingTrackerVC+CollectionView.swift */; };
		73B69E9A2BC802650034A5DA /* EditingTrackerVC+TextFieldDelegate.swift in Sources */ = {isa = PBXBuildFile; fileRef = 73B69E992BC802650034A5DA /* EditingTrackerVC+TextFieldDelegate.swift */; };
		73B69E9C2BC802840034A5DA /* EditingTrackerVC+TableView.swift in Sources */ = {isa = PBXBuildFile; fileRef = 73B69E9B2BC802840034A5DA /* EditingTrackerVC+TableView.swift */; };
		73B69E9E2BC802B10034A5DA /* EditingTrackerVC+Delegate.swift in Sources */ = {isa = PBXBuildFile; fileRef = 73B69E9D2BC802B10034A5DA /* EditingTrackerVC+Delegate.swift */; };
		73B748D32BCEDABE008091A1 /* MainHelper.swift in Sources */ = {isa = PBXBuildFile; fileRef = 73B748D22BCEDABE008091A1 /* MainHelper.swift */; };
		73C961302BBB41A7004E53C1 /* FilterCategoryDelegate.swift in Sources */ = {isa = PBXBuildFile; fileRef = 73C9612F2BBB41A7004E53C1 /* FilterCategoryDelegate.swift */; };
		73C97E6A2BA85B2B00725D70 /* ChoosingCategoryVC.swift in Sources */ = {isa = PBXBuildFile; fileRef = 73C97E692BA85B2B00725D70 /* ChoosingCategoryVC.swift */; };
		73C97E6C2BA860BE00725D70 /* CreatingNewCategoryViewController.swift in Sources */ = {isa = PBXBuildFile; fileRef = 73C97E6B2BA860BE00725D70 /* CreatingNewCategoryViewController.swift */; };
		73D079942BBECE41005EA9EC /* OnboardingVC.swift in Sources */ = {isa = PBXBuildFile; fileRef = 73D079932BBECE41005EA9EC /* OnboardingVC.swift */; };
		73D079B82BBEE197005EA9EC /* OnboardingCustomVC.swift in Sources */ = {isa = PBXBuildFile; fileRef = 73D079B72BBEE197005EA9EC /* OnboardingCustomVC.swift */; };
		73E562DD2BA0A936003A61AB /* AppDelegate.swift in Sources */ = {isa = PBXBuildFile; fileRef = 73E562DC2BA0A936003A61AB /* AppDelegate.swift */; };
		73E562DF2BA0A936003A61AB /* SceneDelegate.swift in Sources */ = {isa = PBXBuildFile; fileRef = 73E562DE2BA0A936003A61AB /* SceneDelegate.swift */; };
		73E562E12BA0A936003A61AB /* TrackerViewController.swift in Sources */ = {isa = PBXBuildFile; fileRef = 73E562E02BA0A936003A61AB /* TrackerViewController.swift */; };
		73E562E62BA0A937003A61AB /* Assets.xcassets in Resources */ = {isa = PBXBuildFile; fileRef = 73E562E52BA0A937003A61AB /* Assets.xcassets */; };
		73E562E92BA0A937003A61AB /* LaunchScreen.storyboard in Resources */ = {isa = PBXBuildFile; fileRef = 73E562E72BA0A937003A61AB /* LaunchScreen.storyboard */; };
		73E562F22BA0ADA3003A61AB /* StatisticViewController.swift in Sources */ = {isa = PBXBuildFile; fileRef = 73E562F12BA0ADA3003A61AB /* StatisticViewController.swift */; };
		73E562F52BA0B14C003A61AB /* UIView-Extension.swift in Sources */ = {isa = PBXBuildFile; fileRef = 73E562F42BA0B14C003A61AB /* UIView-Extension.swift */; };
		73E562F72BA0B411003A61AB /* TabBarController.swift in Sources */ = {isa = PBXBuildFile; fileRef = 73E562F62BA0B411003A61AB /* TabBarController.swift */; };
		73E899692BD28F1E00EE0DB0 /* Localizable.strings in Resources */ = {isa = PBXBuildFile; fileRef = 73E899672BD28F1E00EE0DB0 /* Localizable.strings */; };
		73F10E052BC546C30010F5AD /* CreatingNewTrackerVC+ScrollView.swift in Sources */ = {isa = PBXBuildFile; fileRef = 73F10E042BC546C30010F5AD /* CreatingNewTrackerVC+ScrollView.swift */; };
		73F10E072BC547990010F5AD /* CreatingNewTrackerVC+CollectionView.swift in Sources */ = {isa = PBXBuildFile; fileRef = 73F10E062BC547990010F5AD /* CreatingNewTrackerVC+CollectionView.swift */; };
		73F10E092BC547EB0010F5AD /* CreatingNewTrackerVC+TextField.swift in Sources */ = {isa = PBXBuildFile; fileRef = 73F10E082BC547EB0010F5AD /* CreatingNewTrackerVC+TextField.swift */; };
		73F10E0B2BC5481A0010F5AD /* CreatingNewTrackerVC+TableView.swift in Sources */ = {isa = PBXBuildFile; fileRef = 73F10E0A2BC5481A0010F5AD /* CreatingNewTrackerVC+TableView.swift */; };
		73F10E0D2BC5488B0010F5AD /* CreatingNewTrackerViewModel.swift in Sources */ = {isa = PBXBuildFile; fileRef = 73F10E0C2BC5488B0010F5AD /* CreatingNewTrackerViewModel.swift */; };
		73FE24122BAAEF9200D2AACA /* CreatingNewTrackerViewController.swift in Sources */ = {isa = PBXBuildFile; fileRef = 73FE24112BAAEF9200D2AACA /* CreatingNewTrackerViewController.swift */; };
/* End PBXBuildFile section */

/* Begin PBXFileReference section */
		73060C412BBDB10300035DAE /* PassTrackerToEditDelegate.swift */ = {isa = PBXFileReference; lastKnownFileType = sourcecode.swift; path = PassTrackerToEditDelegate.swift; sourceTree = "<group>"; };
		730CC7112BCEC65D00A43AB4 /* FilterViewModel.swift */ = {isa = PBXFileReference; lastKnownFileType = sourcecode.swift; path = FilterViewModel.swift; sourceTree = "<group>"; };
		730CC7132BCEC77100A43AB4 /* FilterViewModelProtocol.swift */ = {isa = PBXFileReference; lastKnownFileType = sourcecode.swift; path = FilterViewModelProtocol.swift; sourceTree = "<group>"; };
		7311541C2BA23D0A0078C849 /* ChoosingTypeOfTrackerVC.swift */ = {isa = PBXFileReference; lastKnownFileType = sourcecode.swift; path = ChoosingTypeOfTrackerVC.swift; sourceTree = "<group>"; };
		7311541E2BA248D60078C849 /* CreatingOneOffTrackerVC.swift */ = {isa = PBXFileReference; lastKnownFileType = sourcecode.swift; path = CreatingOneOffTrackerVC.swift; sourceTree = "<group>"; };
		73171B962BC525C600C102A5 /* CreatingOneOffTrackerViewModel.swift */ = {isa = PBXFileReference; lastKnownFileType = sourcecode.swift; path = CreatingOneOffTrackerViewModel.swift; sourceTree = "<group>"; };
		7323AE592BD2B46700076143 /* String+Ext.swift */ = {isa = PBXFileReference; lastKnownFileType = sourcecode.swift; path = "String+Ext.swift"; sourceTree = "<group>"; };
		732C40862BAB7C5100D34632 /* UIViewController+Ext.swift */ = {isa = PBXFileReference; lastKnownFileType = sourcecode.swift; path = "UIViewController+Ext.swift"; sourceTree = "<group>"; };
		732F0F612BC159BA00059E76 /* ChoosingCategoryVC+TableView.swift */ = {isa = PBXFileReference; lastKnownFileType = sourcecode.swift; path = "ChoosingCategoryVC+TableView.swift"; sourceTree = "<group>"; };
		732F0F632BC15A0F00059E76 /* ChoosingCategoryVC+ContextMenu.swift */ = {isa = PBXFileReference; lastKnownFileType = sourcecode.swift; path = "ChoosingCategoryVC+ContextMenu.swift"; sourceTree = "<group>"; };
		732F0F672BC15B9100059E76 /* ChoosingCategoryViewModel.swift */ = {isa = PBXFileReference; lastKnownFileType = sourcecode.swift; path = ChoosingCategoryViewModel.swift; sourceTree = "<group>"; };
		7335BCB42BA1B3F3002271F3 /* TrackerCollectionViewCell.swift */ = {isa = PBXFileReference; lastKnownFileType = sourcecode.swift; path = TrackerCollectionViewCell.swift; sourceTree = "<group>"; };
		7335BCB62BA1B701002271F3 /* SupplementaryView.swift */ = {isa = PBXFileReference; lastKnownFileType = sourcecode.swift; path = SupplementaryView.swift; sourceTree = "<group>"; };
		7335BCBC2BA1FEE4002271F3 /* Tracker.swift */ = {isa = PBXFileReference; lastKnownFileType = sourcecode.swift; path = Tracker.swift; sourceTree = "<group>"; };
		7335BCBE2BA1FF3F002271F3 /* TrackerCategory.swift */ = {isa = PBXFileReference; lastKnownFileType = sourcecode.swift; path = TrackerCategory.swift; sourceTree = "<group>"; };
		7335BCC02BA1FF8D002271F3 /* TrackerRecord.swift */ = {isa = PBXFileReference; lastKnownFileType = sourcecode.swift; path = TrackerRecord.swift; sourceTree = "<group>"; };
		7349B7C52BD2D0F000D6C148 /* en */ = {isa = PBXFileReference; lastKnownFileType = text.plist.stringsdict; name = en; path = en.lproj/Localizable.stringsdict; sourceTree = "<group>"; };
		7350FA4D2BC2E87C00661975 /* CustomCategoryCell.swift */ = {isa = PBXFileReference; lastKnownFileType = sourcecode.swift; path = CustomCategoryCell.swift; sourceTree = "<group>"; };
		735D83172BA2F7880071D090 /* ScheduleVC.swift */ = {isa = PBXFileReference; lastKnownFileType = sourcecode.swift; path = ScheduleVC.swift; sourceTree = "<group>"; };
		7366C69D2BC87DB300F37FBF /* StatisticsVC+TableView.swift */ = {isa = PBXFileReference; lastKnownFileType = sourcecode.swift; path = "StatisticsVC+TableView.swift"; sourceTree = "<group>"; };
		7366C69F2BC87DF800F37FBF /* StatisticViewModel.swift */ = {isa = PBXFileReference; lastKnownFileType = sourcecode.swift; path = StatisticViewModel.swift; sourceTree = "<group>"; };
		7366C6A12BC87E3700F37FBF /* StatisticViewModelProtocol.swift */ = {isa = PBXFileReference; lastKnownFileType = sourcecode.swift; path = StatisticViewModelProtocol.swift; sourceTree = "<group>"; };
		7366C6A42BC87F7100F37FBF /* StatisticsCustomCell.swift */ = {isa = PBXFileReference; lastKnownFileType = sourcecode.swift; path = StatisticsCustomCell.swift; sourceTree = "<group>"; };
		736F5D532BBDA6C400C629DD /* EditingTrackerVC.swift */ = {isa = PBXFileReference; lastKnownFileType = sourcecode.swift; path = EditingTrackerVC.swift; sourceTree = "<group>"; };
		737BEE9F2BBBFD9E00101D51 /* FilterTrackersViewController.swift */ = {isa = PBXFileReference; lastKnownFileType = sourcecode.swift; path = FilterTrackersViewController.swift; sourceTree = "<group>"; };
		737D9E022BC40EA90002391F /* ScheduleVC + TableView.swift */ = {isa = PBXFileReference; lastKnownFileType = sourcecode.swift; path = "ScheduleVC + TableView.swift"; sourceTree = "<group>"; };
		737D9E062BC45A980002391F /* ScheduleViewModel.swift */ = {isa = PBXFileReference; lastKnownFileType = sourcecode.swift; path = ScheduleViewModel.swift; sourceTree = "<group>"; };
		737D9E0A2BC464130002391F /* EditingCategoryViewModel.swift */ = {isa = PBXFileReference; lastKnownFileType = sourcecode.swift; path = EditingCategoryViewModel.swift; sourceTree = "<group>"; };
		737D9E0C2BC4661C0002391F /* EditingCategoryVC+TextField.swift */ = {isa = PBXFileReference; lastKnownFileType = sourcecode.swift; path = "EditingCategoryVC+TextField.swift"; sourceTree = "<group>"; };
		737D9E0E2BC46A5F0002391F /* EditingCategoryVC+Delegate.swift */ = {isa = PBXFileReference; lastKnownFileType = sourcecode.swift; path = "EditingCategoryVC+Delegate.swift"; sourceTree = "<group>"; };
		737D9E182BC472B40002391F /* CreatingNewCategoryVC+TextFieldDelegate.swift */ = {isa = PBXFileReference; lastKnownFileType = sourcecode.swift; path = "CreatingNewCategoryVC+TextFieldDelegate.swift"; sourceTree = "<group>"; };
		737D9E1B2BC474D80002391F /* CreatingOneOffTrackerVC+TextFieldDelegate.swift */ = {isa = PBXFileReference; lastKnownFileType = sourcecode.swift; path = "CreatingOneOffTrackerVC+TextFieldDelegate.swift"; sourceTree = "<group>"; };
		737D9E1D2BC4760F0002391F /* CreatingOneOffTrackerVC+ScrollView.swift */ = {isa = PBXFileReference; lastKnownFileType = sourcecode.swift; path = "CreatingOneOffTrackerVC+ScrollView.swift"; sourceTree = "<group>"; };
		737D9E1F2BC477590002391F /* CreatingOneOffTrackerVC+CollectionView.swift */ = {isa = PBXFileReference; lastKnownFileType = sourcecode.swift; path = "CreatingOneOffTrackerVC+CollectionView.swift"; sourceTree = "<group>"; };
		737D9E212BC477CF0002391F /* CreatingOneOffTrackerVC+TableView.swift */ = {isa = PBXFileReference; lastKnownFileType = sourcecode.swift; path = "CreatingOneOffTrackerVC+TableView.swift"; sourceTree = "<group>"; };
		739DABF22BC562AE00B13471 /* TrackerVC+ContextMenu.swift */ = {isa = PBXFileReference; lastKnownFileType = sourcecode.swift; path = "TrackerVC+ContextMenu.swift"; sourceTree = "<group>"; };
		739DABF42BC5635700B13471 /* TrackerVC+CollectionView.swift */ = {isa = PBXFileReference; lastKnownFileType = sourcecode.swift; path = "TrackerVC+CollectionView.swift"; sourceTree = "<group>"; };
		739DABF62BC566D600B13471 /* TrackerVC+Filter.swift */ = {isa = PBXFileReference; lastKnownFileType = sourcecode.swift; path = "TrackerVC+Filter.swift"; sourceTree = "<group>"; };
		739DABF82BC5673500B13471 /* TrackerVC+SearchResult.swift */ = {isa = PBXFileReference; lastKnownFileType = sourcecode.swift; path = "TrackerVC+SearchResult.swift"; sourceTree = "<group>"; };
		739DABFA2BC5680800B13471 /* TrackerVC+Delegates.swift */ = {isa = PBXFileReference; lastKnownFileType = sourcecode.swift; path = "TrackerVC+Delegates.swift"; sourceTree = "<group>"; };
		739DABFC2BC5689700B13471 /* TrackerVC+HideDatePicker.swift */ = {isa = PBXFileReference; lastKnownFileType = sourcecode.swift; path = "TrackerVC+HideDatePicker.swift"; sourceTree = "<group>"; };
		739DABFE2BC5696800B13471 /* TrackerViewModel.swift */ = {isa = PBXFileReference; lastKnownFileType = sourcecode.swift; path = TrackerViewModel.swift; sourceTree = "<group>"; };
		73A42E142BBAA9F700830AF5 /* TrackerCategoryCoreData.swift */ = {isa = PBXFileReference; lastKnownFileType = sourcecode.swift; name = TrackerCategoryCoreData.swift; path = ../../../TrackerCategoryCoreData.swift; sourceTree = "<group>"; };
		73A42E162BBAA9F700830AF5 /* TrackerCoreData.swift */ = {isa = PBXFileReference; lastKnownFileType = sourcecode.swift; name = TrackerCoreData.swift; path = ../../../TrackerCoreData.swift; sourceTree = "<group>"; };
		73A42E182BBAA9F700830AF5 /* TrackerRecordCoreData.swift */ = {isa = PBXFileReference; lastKnownFileType = sourcecode.swift; path = TrackerRecordCoreData.swift; sourceTree = "<group>"; };
		73A630492BAF6CFB00CDD02C /* TrackerCoreData.xcdatamodel */ = {isa = PBXFileReference; lastKnownFileType = wrapper.xcdatamodel; path = TrackerCoreData.xcdatamodel; sourceTree = "<group>"; };
		73A7F59B2BB304B4006BE2C2 /* TrackerCoreManager.swift */ = {isa = PBXFileReference; fileEncoding = 4; lastKnownFileType = sourcecode.swift; path = TrackerCoreManager.swift; sourceTree = "<group>"; };
		73B0643B2BC6823B00AEDCBA /* ViewModelProtocol.swift */ = {isa = PBXFileReference; lastKnownFileType = sourcecode.swift; path = ViewModelProtocol.swift; sourceTree = "<group>"; };
		73B0643F2BC6A13100AEDCBA /* BaseViewController.swift */ = {isa = PBXFileReference; lastKnownFileType = sourcecode.swift; path = BaseViewController.swift; sourceTree = "<group>"; };
		73B064412BC6AAEF00AEDCBA /* CreatingOneOffTrackerViewModelProtocol.swift */ = {isa = PBXFileReference; lastKnownFileType = sourcecode.swift; path = CreatingOneOffTrackerViewModelProtocol.swift; sourceTree = "<group>"; };
		73B28CFD2BA9667B00D4BF3E /* UIColor+Ext.swift */ = {isa = PBXFileReference; lastKnownFileType = sourcecode.swift; path = "UIColor+Ext.swift"; sourceTree = "<group>"; };
		73B5C00E2BAE0D3800FEF126 /* EditingCategoryViewController.swift */ = {isa = PBXFileReference; fileEncoding = 4; lastKnownFileType = sourcecode.swift; path = EditingCategoryViewController.swift; sourceTree = "<group>"; };
		73B5C0102BAE112D00FEF126 /* PassCategoryNameToEditingVC.swift */ = {isa = PBXFileReference; lastKnownFileType = sourcecode.swift; path = PassCategoryNameToEditingVC.swift; sourceTree = "<group>"; };
		73B69E8B2BC7D2430034A5DA /* CreatingNewTrackerViewModelProtocol.swift */ = {isa = PBXFileReference; lastKnownFileType = sourcecode.swift; path = CreatingNewTrackerViewModelProtocol.swift; sourceTree = "<group>"; };
		73B69E8D2BC7DF4E0034A5DA /* TrackerViewModelProtocol.swift */ = {isa = PBXFileReference; lastKnownFileType = sourcecode.swift; path = TrackerViewModelProtocol.swift; sourceTree = "<group>"; };
		73B69E912BC7FFA80034A5DA /* EditingTrackerViewModelProtocol.swift */ = {isa = PBXFileReference; lastKnownFileType = sourcecode.swift; path = EditingTrackerViewModelProtocol.swift; sourceTree = "<group>"; };
		73B69E932BC7FFB90034A5DA /* EditingTrackerViewModel.swift */ = {isa = PBXFileReference; lastKnownFileType = sourcecode.swift; path = EditingTrackerViewModel.swift; sourceTree = "<group>"; };
		73B69E952BC802250034A5DA /* EditingTrackerVC+ScrollView.swift */ = {isa = PBXFileReference; lastKnownFileType = sourcecode.swift; path = "EditingTrackerVC+ScrollView.swift"; sourceTree = "<group>"; };
		73B69E972BC802470034A5DA /* EditingTrackerVC+CollectionView.swift */ = {isa = PBXFileReference; lastKnownFileType = sourcecode.swift; path = "EditingTrackerVC+CollectionView.swift"; sourceTree = "<group>"; };
		73B69E992BC802650034A5DA /* EditingTrackerVC+TextFieldDelegate.swift */ = {isa = PBXFileReference; lastKnownFileType = sourcecode.swift; path = "EditingTrackerVC+TextFieldDelegate.swift"; sourceTree = "<group>"; };
		73B69E9B2BC802840034A5DA /* EditingTrackerVC+TableView.swift */ = {isa = PBXFileReference; lastKnownFileType = sourcecode.swift; path = "EditingTrackerVC+TableView.swift"; sourceTree = "<group>"; };
		73B69E9D2BC802B10034A5DA /* EditingTrackerVC+Delegate.swift */ = {isa = PBXFileReference; lastKnownFileType = sourcecode.swift; path = "EditingTrackerVC+Delegate.swift"; sourceTree = "<group>"; };
		73B748D22BCEDABE008091A1 /* MainHelper.swift */ = {isa = PBXFileReference; lastKnownFileType = sourcecode.swift; path = MainHelper.swift; sourceTree = "<group>"; };
		73C9612F2BBB41A7004E53C1 /* FilterCategoryDelegate.swift */ = {isa = PBXFileReference; fileEncoding = 4; lastKnownFileType = sourcecode.swift; path = FilterCategoryDelegate.swift; sourceTree = "<group>"; };
		73C97E692BA85B2B00725D70 /* ChoosingCategoryVC.swift */ = {isa = PBXFileReference; fileEncoding = 4; lastKnownFileType = sourcecode.swift; path = ChoosingCategoryVC.swift; sourceTree = "<group>"; };
		73C97E6B2BA860BE00725D70 /* CreatingNewCategoryViewController.swift */ = {isa = PBXFileReference; fileEncoding = 4; lastKnownFileType = sourcecode.swift; path = CreatingNewCategoryViewController.swift; sourceTree = "<group>"; };
		73D079932BBECE41005EA9EC /* OnboardingVC.swift */ = {isa = PBXFileReference; lastKnownFileType = sourcecode.swift; path = OnboardingVC.swift; sourceTree = "<group>"; };
		73D079B72BBEE197005EA9EC /* OnboardingCustomVC.swift */ = {isa = PBXFileReference; lastKnownFileType = sourcecode.swift; path = OnboardingCustomVC.swift; sourceTree = "<group>"; };
		73E562D92BA0A936003A61AB /* Tracker.app */ = {isa = PBXFileReference; explicitFileType = wrapper.application; includeInIndex = 0; path = Tracker.app; sourceTree = BUILT_PRODUCTS_DIR; };
		73E562DC2BA0A936003A61AB /* AppDelegate.swift */ = {isa = PBXFileReference; lastKnownFileType = sourcecode.swift; path = AppDelegate.swift; sourceTree = "<group>"; };
		73E562DE2BA0A936003A61AB /* SceneDelegate.swift */ = {isa = PBXFileReference; lastKnownFileType = sourcecode.swift; path = SceneDelegate.swift; sourceTree = "<group>"; };
		73E562E02BA0A936003A61AB /* TrackerViewController.swift */ = {isa = PBXFileReference; lastKnownFileType = sourcecode.swift; path = TrackerViewController.swift; sourceTree = "<group>"; };
		73E562E52BA0A937003A61AB /* Assets.xcassets */ = {isa = PBXFileReference; lastKnownFileType = folder.assetcatalog; path = Assets.xcassets; sourceTree = "<group>"; };
		73E562E82BA0A937003A61AB /* Base */ = {isa = PBXFileReference; lastKnownFileType = file.storyboard; name = Base; path = Base.lproj/LaunchScreen.storyboard; sourceTree = "<group>"; };
		73E562EA2BA0A937003A61AB /* Info.plist */ = {isa = PBXFileReference; lastKnownFileType = text.plist.xml; path = Info.plist; sourceTree = "<group>"; };
		73E562F12BA0ADA3003A61AB /* StatisticViewController.swift */ = {isa = PBXFileReference; lastKnownFileType = sourcecode.swift; path = StatisticViewController.swift; sourceTree = "<group>"; };
		73E562F42BA0B14C003A61AB /* UIView-Extension.swift */ = {isa = PBXFileReference; lastKnownFileType = sourcecode.swift; path = "UIView-Extension.swift"; sourceTree = "<group>"; };
		73E562F62BA0B411003A61AB /* TabBarController.swift */ = {isa = PBXFileReference; lastKnownFileType = sourcecode.swift; path = TabBarController.swift; sourceTree = "<group>"; };
		73E899682BD28F1E00EE0DB0 /* en */ = {isa = PBXFileReference; lastKnownFileType = text.plist.strings; name = en; path = en.lproj/Localizable.strings; sourceTree = "<group>"; };
		73E8996A2BD28F8B00EE0DB0 /* ru */ = {isa = PBXFileReference; lastKnownFileType = text.plist.strings; name = ru; path = ru.lproj/LaunchScreen.strings; sourceTree = "<group>"; };
		73E8996B2BD28F8B00EE0DB0 /* ru */ = {isa = PBXFileReference; lastKnownFileType = text.plist.strings; name = ru; path = ru.lproj/Localizable.strings; sourceTree = "<group>"; };
		73F10E042BC546C30010F5AD /* CreatingNewTrackerVC+ScrollView.swift */ = {isa = PBXFileReference; lastKnownFileType = sourcecode.swift; path = "CreatingNewTrackerVC+ScrollView.swift"; sourceTree = "<group>"; };
		73F10E062BC547990010F5AD /* CreatingNewTrackerVC+CollectionView.swift */ = {isa = PBXFileReference; lastKnownFileType = sourcecode.swift; path = "CreatingNewTrackerVC+CollectionView.swift"; sourceTree = "<group>"; };
		73F10E082BC547EB0010F5AD /* CreatingNewTrackerVC+TextField.swift */ = {isa = PBXFileReference; lastKnownFileType = sourcecode.swift; path = "CreatingNewTrackerVC+TextField.swift"; sourceTree = "<group>"; };
		73F10E0A2BC5481A0010F5AD /* CreatingNewTrackerVC+TableView.swift */ = {isa = PBXFileReference; lastKnownFileType = sourcecode.swift; path = "CreatingNewTrackerVC+TableView.swift"; sourceTree = "<group>"; };
		73F10E0C2BC5488B0010F5AD /* CreatingNewTrackerViewModel.swift */ = {isa = PBXFileReference; lastKnownFileType = sourcecode.swift; path = CreatingNewTrackerViewModel.swift; sourceTree = "<group>"; };
		73FE24112BAAEF9200D2AACA /* CreatingNewTrackerViewController.swift */ = {isa = PBXFileReference; fileEncoding = 4; lastKnownFileType = sourcecode.swift; path = CreatingNewTrackerViewController.swift; sourceTree = "<group>"; };
/* End PBXFileReference section */

/* Begin PBXFrameworksBuildPhase section */
		73E562D62BA0A936003A61AB /* Frameworks */ = {
			isa = PBXFrameworksBuildPhase;
			buildActionMask = 2147483647;
			files = (
			);
			runOnlyForDeploymentPostprocessing = 0;
		};
/* End PBXFrameworksBuildPhase section */

/* Begin PBXGroup section */
		730CC70F2BCEC63700A43AB4 /* Views */ = {
			isa = PBXGroup;
			children = (
				737BEE9F2BBBFD9E00101D51 /* FilterTrackersViewController.swift */,
			);
			path = Views;
			sourceTree = "<group>";
		};
		730CC7102BCEC64300A43AB4 /* ViewModel */ = {
			isa = PBXGroup;
			children = (
				730CC7112BCEC65D00A43AB4 /* FilterViewModel.swift */,
				730CC7132BCEC77100A43AB4 /* FilterViewModelProtocol.swift */,
			);
			path = ViewModel;
			sourceTree = "<group>";
		};
		73171B952BC5251100C102A5 /* ViewModel */ = {
			isa = PBXGroup;
			children = (
				73171B962BC525C600C102A5 /* CreatingOneOffTrackerViewModel.swift */,
				73B064412BC6AAEF00AEDCBA /* CreatingOneOffTrackerViewModelProtocol.swift */,
			);
			path = ViewModel;
			sourceTree = "<group>";
		};
		732F0F602BC062CA00059E76 /* ChoosingCategory */ = {
			isa = PBXGroup;
			children = (
				732F0F652BC15B5900059E76 /* Views */,
				732F0F662BC15B7A00059E76 /* ViewModels */,
			);
			path = ChoosingCategory;
			sourceTree = "<group>";
		};
		732F0F652BC15B5900059E76 /* Views */ = {
			isa = PBXGroup;
			children = (
				73C97E692BA85B2B00725D70 /* ChoosingCategoryVC.swift */,
				732F0F612BC159BA00059E76 /* ChoosingCategoryVC+TableView.swift */,
				732F0F632BC15A0F00059E76 /* ChoosingCategoryVC+ContextMenu.swift */,
				7350FA4C2BC2E86A00661975 /* CustomCategoryCell */,
			);
			path = Views;
			sourceTree = "<group>";
		};
		732F0F662BC15B7A00059E76 /* ViewModels */ = {
			isa = PBXGroup;
			children = (
				732F0F672BC15B9100059E76 /* ChoosingCategoryViewModel.swift */,
				73B0643B2BC6823B00AEDCBA /* ViewModelProtocol.swift */,
			);
			path = ViewModels;
			sourceTree = "<group>";
		};
		7335BCB82BA1B787002271F3 /* CustomViewCell */ = {
			isa = PBXGroup;
			children = (
				7335BCB42BA1B3F3002271F3 /* TrackerCollectionViewCell.swift */,
				7335BCB62BA1B701002271F3 /* SupplementaryView.swift */,
			);
			path = CustomViewCell;
			sourceTree = "<group>";
		};
		7335BCBA2BA1B7A9002271F3 /* ViewControllers */ = {
			isa = PBXGroup;
			children = (
				732F0F602BC062CA00059E76 /* ChoosingCategory */,
				7377BB132BC3F2FC0088EFA7 /* CreatingNewOneOffTrackerVC */,
				7377BB122BC3F2DB0088EFA7 /* CreatingNewTrackerVC */,
				7377BB112BC3F2BC0088EFA7 /* ChoosingTypeOfTrackerVC */,
				7377BB102BC3F29F0088EFA7 /* EditingTrackerVC */,
				7377BB0F2BC3F2860088EFA7 /* EditingCategoryVC */,
				7377BB0E2BC3F27A0088EFA7 /* CreatingNewCategoryVC */,
				7377BB0D2BC3F2640088EFA7 /* ScheduleVC */,
				7377BB0C2BC3F2570088EFA7 /* FilterVC */,
				7377BB0B2BC3F2440088EFA7 /* TabBarVC */,
				7377BB0A2BC3F22E0088EFA7 /* TrackerVC */,
				7377BB082BC3F2090088EFA7 /* Statictics */,
				73D079922BBECE27005EA9EC /* Onboarding */,
				7335BCB82BA1B787002271F3 /* CustomViewCell */,
			);
			path = ViewControllers;
			sourceTree = "<group>";
		};
		7350FA4C2BC2E86A00661975 /* CustomCategoryCell */ = {
			isa = PBXGroup;
			children = (
				7350FA4D2BC2E87C00661975 /* CustomCategoryCell.swift */,
			);
			path = CustomCategoryCell;
			sourceTree = "<group>";
		};
		7366C69B2BC879CB00F37FBF /* Views */ = {
			isa = PBXGroup;
			children = (
				73E562F12BA0ADA3003A61AB /* StatisticViewController.swift */,
				7366C69D2BC87DB300F37FBF /* StatisticsVC+TableView.swift */,
				7366C6A32BC87F2600F37FBF /* CustomViewCell */,
			);
			path = Views;
			sourceTree = "<group>";
		};
		7366C69C2BC879D400F37FBF /* ViewModel */ = {
			isa = PBXGroup;
			children = (
				7366C69F2BC87DF800F37FBF /* StatisticViewModel.swift */,
				7366C6A12BC87E3700F37FBF /* StatisticViewModelProtocol.swift */,
			);
			path = ViewModel;
			sourceTree = "<group>";
		};
		7366C6A32BC87F2600F37FBF /* CustomViewCell */ = {
			isa = PBXGroup;
			children = (
				7366C6A42BC87F7100F37FBF /* StatisticsCustomCell.swift */,
			);
			path = CustomViewCell;
			sourceTree = "<group>";
		};
		7377BB082BC3F2090088EFA7 /* Statictics */ = {
			isa = PBXGroup;
			children = (
				7366C69C2BC879D400F37FBF /* ViewModel */,
				7366C69B2BC879CB00F37FBF /* Views */,
			);
			path = Statictics;
			sourceTree = "<group>";
		};
		7377BB0A2BC3F22E0088EFA7 /* TrackerVC */ = {
			isa = PBXGroup;
			children = (
				739DABF12BC5628000B13471 /* ViewModel */,
				739DABF02BC5627900B13471 /* Views */,
			);
			path = TrackerVC;
			sourceTree = "<group>";
		};
		7377BB0B2BC3F2440088EFA7 /* TabBarVC */ = {
			isa = PBXGroup;
			children = (
				73E562F62BA0B411003A61AB /* TabBarController.swift */,
			);
			path = TabBarVC;
			sourceTree = "<group>";
		};
		7377BB0C2BC3F2570088EFA7 /* FilterVC */ = {
			isa = PBXGroup;
			children = (
				730CC7102BCEC64300A43AB4 /* ViewModel */,
				730CC70F2BCEC63700A43AB4 /* Views */,
			);
			path = FilterVC;
			sourceTree = "<group>";
		};
		7377BB0D2BC3F2640088EFA7 /* ScheduleVC */ = {
			isa = PBXGroup;
			children = (
				737D9E052BC45A640002391F /* ViewModels */,
				737D9E042BC45A530002391F /* Views */,
			);
			path = ScheduleVC;
			sourceTree = "<group>";
		};
		7377BB0E2BC3F27A0088EFA7 /* CreatingNewCategoryVC */ = {
			isa = PBXGroup;
			children = (
				737D9E142BC471650002391F /* Views */,
			);
			path = CreatingNewCategoryVC;
			sourceTree = "<group>";
		};
		7377BB0F2BC3F2860088EFA7 /* EditingCategoryVC */ = {
			isa = PBXGroup;
			children = (
				737D9E092BC463FD0002391F /* ViewModels */,
				737D9E082BC463F40002391F /* Views */,
			);
			path = EditingCategoryVC;
			sourceTree = "<group>";
		};
		7377BB102BC3F29F0088EFA7 /* EditingTrackerVC */ = {
			isa = PBXGroup;
			children = (
				73B69E902BC7FF2D0034A5DA /* ViewModels */,
				73B69E8F2BC7FF250034A5DA /* Views */,
			);
			path = EditingTrackerVC;
			sourceTree = "<group>";
		};
		7377BB112BC3F2BC0088EFA7 /* ChoosingTypeOfTrackerVC */ = {
			isa = PBXGroup;
			children = (
				7311541C2BA23D0A0078C849 /* ChoosingTypeOfTrackerVC.swift */,
			);
			path = ChoosingTypeOfTrackerVC;
			sourceTree = "<group>";
		};
		7377BB122BC3F2DB0088EFA7 /* CreatingNewTrackerVC */ = {
			isa = PBXGroup;
			children = (
				73F10E032BC546A20010F5AD /* ViewModel */,
				73F10E022BC5469C0010F5AD /* Views */,
			);
			path = CreatingNewTrackerVC;
			sourceTree = "<group>";
		};
		7377BB132BC3F2FC0088EFA7 /* CreatingNewOneOffTrackerVC */ = {
			isa = PBXGroup;
			children = (
				73171B952BC5251100C102A5 /* ViewModel */,
				737D9E1A2BC474C10002391F /* Views */,
			);
			path = CreatingNewOneOffTrackerVC;
			sourceTree = "<group>";
		};
		737D9E042BC45A530002391F /* Views */ = {
			isa = PBXGroup;
			children = (
				737D9E022BC40EA90002391F /* ScheduleVC + TableView.swift */,
				735D83172BA2F7880071D090 /* ScheduleVC.swift */,
			);
			path = Views;
			sourceTree = "<group>";
		};
		737D9E052BC45A640002391F /* ViewModels */ = {
			isa = PBXGroup;
			children = (
				737D9E062BC45A980002391F /* ScheduleViewModel.swift */,
			);
			path = ViewModels;
			sourceTree = "<group>";
		};
		737D9E082BC463F40002391F /* Views */ = {
			isa = PBXGroup;
			children = (
				73B5C00E2BAE0D3800FEF126 /* EditingCategoryViewController.swift */,
				737D9E0C2BC4661C0002391F /* EditingCategoryVC+TextField.swift */,
				737D9E0E2BC46A5F0002391F /* EditingCategoryVC+Delegate.swift */,
			);
			path = Views;
			sourceTree = "<group>";
		};
		737D9E092BC463FD0002391F /* ViewModels */ = {
			isa = PBXGroup;
			children = (
				737D9E0A2BC464130002391F /* EditingCategoryViewModel.swift */,
			);
			path = ViewModels;
			sourceTree = "<group>";
		};
		737D9E142BC471650002391F /* Views */ = {
			isa = PBXGroup;
			children = (
				73C97E6B2BA860BE00725D70 /* CreatingNewCategoryViewController.swift */,
				737D9E182BC472B40002391F /* CreatingNewCategoryVC+TextFieldDelegate.swift */,
			);
			path = Views;
			sourceTree = "<group>";
		};
		737D9E1A2BC474C10002391F /* Views */ = {
			isa = PBXGroup;
			children = (
				7311541E2BA248D60078C849 /* CreatingOneOffTrackerVC.swift */,
				737D9E212BC477CF0002391F /* CreatingOneOffTrackerVC+TableView.swift */,
				737D9E1F2BC477590002391F /* CreatingOneOffTrackerVC+CollectionView.swift */,
				737D9E1D2BC4760F0002391F /* CreatingOneOffTrackerVC+ScrollView.swift */,
				737D9E1B2BC474D80002391F /* CreatingOneOffTrackerVC+TextFieldDelegate.swift */,
			);
			path = Views;
			sourceTree = "<group>";
		};
		739DABF02BC5627900B13471 /* Views */ = {
			isa = PBXGroup;
			children = (
				73E562E02BA0A936003A61AB /* TrackerViewController.swift */,
				739DABF22BC562AE00B13471 /* TrackerVC+ContextMenu.swift */,
				739DABF42BC5635700B13471 /* TrackerVC+CollectionView.swift */,
				739DABF62BC566D600B13471 /* TrackerVC+Filter.swift */,
				739DABF82BC5673500B13471 /* TrackerVC+SearchResult.swift */,
				739DABFA2BC5680800B13471 /* TrackerVC+Delegates.swift */,
				739DABFC2BC5689700B13471 /* TrackerVC+HideDatePicker.swift */,
			);
			path = Views;
			sourceTree = "<group>";
		};
		739DABF12BC5628000B13471 /* ViewModel */ = {
			isa = PBXGroup;
			children = (
				739DABFE2BC5696800B13471 /* TrackerViewModel.swift */,
				73B69E8D2BC7DF4E0034A5DA /* TrackerViewModelProtocol.swift */,
			);
			path = ViewModel;
			sourceTree = "<group>";
		};
		73A6304B2BB01DF100CDD02C /* Models */ = {
			isa = PBXGroup;
			children = (
				73A7F59B2BB304B4006BE2C2 /* TrackerCoreManager.swift */,
				73A630522BB17B6600CDD02C /* CoreData */,
			);
			path = Models;
			sourceTree = "<group>";
		};
		73A630522BB17B6600CDD02C /* CoreData */ = {
			isa = PBXGroup;
			children = (
				73A42E142BBAA9F700830AF5 /* TrackerCategoryCoreData.swift */,
				73A42E162BBAA9F700830AF5 /* TrackerCoreData.swift */,
				73A42E182BBAA9F700830AF5 /* TrackerRecordCoreData.swift */,
				7335BCBC2BA1FEE4002271F3 /* Tracker.swift */,
				7335BCBE2BA1FF3F002271F3 /* TrackerCategory.swift */,
				7335BCC02BA1FF8D002271F3 /* TrackerRecord.swift */,
				73A630482BAF6CFB00CDD02C /* TrackerCoreData.xcdatamodeld */,
			);
			path = CoreData;
			sourceTree = "<group>";
		};
		73B69E8F2BC7FF250034A5DA /* Views */ = {
			isa = PBXGroup;
			children = (
				736F5D532BBDA6C400C629DD /* EditingTrackerVC.swift */,
				73B69E952BC802250034A5DA /* EditingTrackerVC+ScrollView.swift */,
				73B69E972BC802470034A5DA /* EditingTrackerVC+CollectionView.swift */,
				73B69E992BC802650034A5DA /* EditingTrackerVC+TextFieldDelegate.swift */,
				73B69E9B2BC802840034A5DA /* EditingTrackerVC+TableView.swift */,
				73B69E9D2BC802B10034A5DA /* EditingTrackerVC+Delegate.swift */,
			);
			path = Views;
			sourceTree = "<group>";
		};
		73B69E902BC7FF2D0034A5DA /* ViewModels */ = {
			isa = PBXGroup;
			children = (
				73B69E912BC7FFA80034A5DA /* EditingTrackerViewModelProtocol.swift */,
				73B69E932BC7FFB90034A5DA /* EditingTrackerViewModel.swift */,
			);
			path = ViewModels;
			sourceTree = "<group>";
		};
		73D079922BBECE27005EA9EC /* Onboarding */ = {
			isa = PBXGroup;
			children = (
				73D079932BBECE41005EA9EC /* OnboardingVC.swift */,
				73D079B72BBEE197005EA9EC /* OnboardingCustomVC.swift */,
			);
			path = Onboarding;
			sourceTree = "<group>";
		};
		73E1969D2BAA1A0600D7E734 /* Protocols */ = {
			isa = PBXGroup;
			children = (
				73060C412BBDB10300035DAE /* PassTrackerToEditDelegate.swift */,
				73B5C0102BAE112D00FEF126 /* PassCategoryNameToEditingVC.swift */,
				73C9612F2BBB41A7004E53C1 /* FilterCategoryDelegate.swift */,
			);
			path = Protocols;
			sourceTree = "<group>";
		};
		73E562D02BA0A936003A61AB = {
			isa = PBXGroup;
			children = (
				73E562DB2BA0A936003A61AB /* Tracker */,
				73E562DA2BA0A936003A61AB /* Products */,
			);
			sourceTree = "<group>";
		};
		73E562DA2BA0A936003A61AB /* Products */ = {
			isa = PBXGroup;
			children = (
				73E562D92BA0A936003A61AB /* Tracker.app */,
			);
			name = Products;
			sourceTree = "<group>";
		};
		73E562DB2BA0A936003A61AB /* Tracker */ = {
			isa = PBXGroup;
			children = (
				73E899662BD28F0100EE0DB0 /* Recources */,
				73A6304B2BB01DF100CDD02C /* Models */,
				73E1969D2BAA1A0600D7E734 /* Protocols */,
				7335BCBA2BA1B7A9002271F3 /* ViewControllers */,
				73E562F32BA0B12B003A61AB /* Extensions */,
				73E562F02BA0AA59003A61AB /* Supporting */,
			);
			path = Tracker;
			sourceTree = "<group>";
		};
		73E562F02BA0AA59003A61AB /* Supporting */ = {
			isa = PBXGroup;
			children = (
				73E562E72BA0A937003A61AB /* LaunchScreen.storyboard */,
				73E562EA2BA0A937003A61AB /* Info.plist */,
				73E562E52BA0A937003A61AB /* Assets.xcassets */,
				73E562DC2BA0A936003A61AB /* AppDelegate.swift */,
				73E562DE2BA0A936003A61AB /* SceneDelegate.swift */,
			);
			path = Supporting;
			sourceTree = "<group>";
		};
		73E562F32BA0B12B003A61AB /* Extensions */ = {
			isa = PBXGroup;
			children = (
				73B748D22BCEDABE008091A1 /* MainHelper.swift */,
				73E562F42BA0B14C003A61AB /* UIView-Extension.swift */,
				73B28CFD2BA9667B00D4BF3E /* UIColor+Ext.swift */,
				732C40862BAB7C5100D34632 /* UIViewController+Ext.swift */,
				73B0643F2BC6A13100AEDCBA /* BaseViewController.swift */,
				7323AE592BD2B46700076143 /* String+Ext.swift */,
			);
			path = Extensions;
			sourceTree = "<group>";
		};
		73E899662BD28F0100EE0DB0 /* Recources */ = {
			isa = PBXGroup;
			children = (
				73E899672BD28F1E00EE0DB0 /* Localizable.strings */,
				7349B7C42BD2D0F000D6C148 /* Localizable.stringsdict */,
			);
			path = Recources;
			sourceTree = "<group>";
		};
		73F10E022BC5469C0010F5AD /* Views */ = {
			isa = PBXGroup;
			children = (
				73FE24112BAAEF9200D2AACA /* CreatingNewTrackerViewController.swift */,
				73F10E042BC546C30010F5AD /* CreatingNewTrackerVC+ScrollView.swift */,
				73F10E062BC547990010F5AD /* CreatingNewTrackerVC+CollectionView.swift */,
				73F10E082BC547EB0010F5AD /* CreatingNewTrackerVC+TextField.swift */,
				73F10E0A2BC5481A0010F5AD /* CreatingNewTrackerVC+TableView.swift */,
			);
			path = Views;
			sourceTree = "<group>";
		};
		73F10E032BC546A20010F5AD /* ViewModel */ = {
			isa = PBXGroup;
			children = (
				73F10E0C2BC5488B0010F5AD /* CreatingNewTrackerViewModel.swift */,
				73B69E8B2BC7D2430034A5DA /* CreatingNewTrackerViewModelProtocol.swift */,
			);
			path = ViewModel;
			sourceTree = "<group>";
		};
/* End PBXGroup section */

/* Begin PBXNativeTarget section */
		73E562D82BA0A936003A61AB /* Tracker */ = {
			isa = PBXNativeTarget;
			buildConfigurationList = 73E562ED2BA0A937003A61AB /* Build configuration list for PBXNativeTarget "Tracker" */;
			buildPhases = (
				73E562D52BA0A936003A61AB /* Sources */,
				73E562D62BA0A936003A61AB /* Frameworks */,
				73E562D72BA0A936003A61AB /* Resources */,
			);
			buildRules = (
			);
			dependencies = (
			);
			name = Tracker;
			productName = Tracker;
			productReference = 73E562D92BA0A936003A61AB /* Tracker.app */;
			productType = "com.apple.product-type.application";
		};
/* End PBXNativeTarget section */

/* Begin PBXProject section */
		73E562D12BA0A936003A61AB /* Project object */ = {
			isa = PBXProject;
			attributes = {
				BuildIndependentTargetsInParallel = 1;
				LastSwiftUpdateCheck = 1520;
				LastUpgradeCheck = 1520;
				TargetAttributes = {
					73E562D82BA0A936003A61AB = {
						CreatedOnToolsVersion = 15.2;
					};
				};
			};
			buildConfigurationList = 73E562D42BA0A936003A61AB /* Build configuration list for PBXProject "Tracker" */;
			compatibilityVersion = "Xcode 14.0";
			developmentRegion = en;
			hasScannedForEncodings = 0;
			knownRegions = (
				en,
				Base,
				ru,
			);
			mainGroup = 73E562D02BA0A936003A61AB;
			productRefGroup = 73E562DA2BA0A936003A61AB /* Products */;
			projectDirPath = "";
			projectRoot = "";
			targets = (
				73E562D82BA0A936003A61AB /* Tracker */,
			);
		};
/* End PBXProject section */

/* Begin PBXResourcesBuildPhase section */
		73E562D72BA0A936003A61AB /* Resources */ = {
			isa = PBXResourcesBuildPhase;
			buildActionMask = 2147483647;
			files = (
				73E562E92BA0A937003A61AB /* LaunchScreen.storyboard in Resources */,
				7349B7C62BD2D0F000D6C148 /* Localizable.stringsdict in Resources */,
				73E899692BD28F1E00EE0DB0 /* Localizable.strings in Resources */,
				73E562E62BA0A937003A61AB /* Assets.xcassets in Resources */,
			);
			runOnlyForDeploymentPostprocessing = 0;
		};
/* End PBXResourcesBuildPhase section */

/* Begin PBXSourcesBuildPhase section */
		73E562D52BA0A936003A61AB /* Sources */ = {
			isa = PBXSourcesBuildPhase;
			buildActionMask = 2147483647;
			files = (
				73B064402BC6A13100AEDCBA /* BaseViewController.swift in Sources */,
				73E562E12BA0A936003A61AB /* TrackerViewController.swift in Sources */,
				7366C6A22BC87E3700F37FBF /* StatisticViewModelProtocol.swift in Sources */,
				73E562DD2BA0A936003A61AB /* AppDelegate.swift in Sources */,
				73B69E8C2BC7D2430034A5DA /* CreatingNewTrackerViewModelProtocol.swift in Sources */,
				737D9E222BC477CF0002391F /* CreatingOneOffTrackerVC+TableView.swift in Sources */,
				73E562DF2BA0A936003A61AB /* SceneDelegate.swift in Sources */,
				73A6304A2BAF6CFB00CDD02C /* TrackerCoreData.xcdatamodeld in Sources */,
				73B69E8E2BC7DF4E0034A5DA /* TrackerViewModelProtocol.swift in Sources */,
				73B5C00F2BAE0D3900FEF126 /* EditingCategoryViewController.swift in Sources */,
				73060C422BBDB10300035DAE /* PassTrackerToEditDelegate.swift in Sources */,
				739DABFD2BC5689700B13471 /* TrackerVC+HideDatePicker.swift in Sources */,
				7335BCC12BA1FF8D002271F3 /* TrackerRecord.swift in Sources */,
				739DABFF2BC5696800B13471 /* TrackerViewModel.swift in Sources */,
				73F10E052BC546C30010F5AD /* CreatingNewTrackerVC+ScrollView.swift in Sources */,
				73B69E942BC7FFB90034A5DA /* EditingTrackerViewModel.swift in Sources */,
				730CC7122BCEC65D00A43AB4 /* FilterViewModel.swift in Sources */,
				73A7F59C2BB304B4006BE2C2 /* TrackerCoreManager.swift in Sources */,
				737D9E1C2BC474D80002391F /* CreatingOneOffTrackerVC+TextFieldDelegate.swift in Sources */,
				7366C69E2BC87DB300F37FBF /* StatisticsVC+TableView.swift in Sources */,
				732F0F682BC15B9100059E76 /* ChoosingCategoryViewModel.swift in Sources */,
				7311541F2BA248D60078C849 /* CreatingOneOffTrackerVC.swift in Sources */,
				73B064422BC6AAEF00AEDCBA /* CreatingOneOffTrackerViewModelProtocol.swift in Sources */,
				73D079B82BBEE197005EA9EC /* OnboardingCustomVC.swift in Sources */,
				735D83182BA2F7880071D090 /* ScheduleVC.swift in Sources */,
				73B28CFE2BA9667B00D4BF3E /* UIColor+Ext.swift in Sources */,
				73C97E6C2BA860BE00725D70 /* CreatingNewCategoryViewController.swift in Sources */,
				7335BCB52BA1B3F3002271F3 /* TrackerCollectionViewCell.swift in Sources */,
				739DABF32BC562AE00B13471 /* TrackerVC+ContextMenu.swift in Sources */,
				73B69E982BC802470034A5DA /* EditingTrackerVC+CollectionView.swift in Sources */,
				7366C6A52BC87F7200F37FBF /* StatisticsCustomCell.swift in Sources */,
				7335BCBF2BA1FF3F002271F3 /* TrackerCategory.swift in Sources */,
				73E562F72BA0B411003A61AB /* TabBarController.swift in Sources */,
				73F10E072BC547990010F5AD /* CreatingNewTrackerVC+CollectionView.swift in Sources */,
				737D9E202BC477590002391F /* CreatingOneOffTrackerVC+CollectionView.swift in Sources */,
				73FE24122BAAEF9200D2AACA /* CreatingNewTrackerViewController.swift in Sources */,
				737BEEA02BBBFD9E00101D51 /* FilterTrackersViewController.swift in Sources */,
				73B5C0112BAE112D00FEF126 /* PassCategoryNameToEditingVC.swift in Sources */,
				737D9E1E2BC4760F0002391F /* CreatingOneOffTrackerVC+ScrollView.swift in Sources */,
				7335BCB72BA1B701002271F3 /* SupplementaryView.swift in Sources */,
				732F0F622BC159BA00059E76 /* ChoosingCategoryVC+TableView.swift in Sources */,
				73C961302BBB41A7004E53C1 /* FilterCategoryDelegate.swift in Sources */,
				737D9E0D2BC4661C0002391F /* EditingCategoryVC+TextField.swift in Sources */,
				732C40872BAB7C5100D34632 /* UIViewController+Ext.swift in Sources */,
				73F10E0B2BC5481A0010F5AD /* CreatingNewTrackerVC+TableView.swift in Sources */,
				7335BCBD2BA1FEE4002271F3 /* Tracker.swift in Sources */,
				73B69E9E2BC802B10034A5DA /* EditingTrackerVC+Delegate.swift in Sources */,
				73B69E9A2BC802650034A5DA /* EditingTrackerVC+TextFieldDelegate.swift in Sources */,
				739DABF52BC5635700B13471 /* TrackerVC+CollectionView.swift in Sources */,
				736F5D542BBDA6C400C629DD /* EditingTrackerVC.swift in Sources */,
				7311541D2BA23D0A0078C849 /* ChoosingTypeOfTrackerVC.swift in Sources */,
				73C97E6A2BA85B2B00725D70 /* ChoosingCategoryVC.swift in Sources */,
				732F0F642BC15A1000059E76 /* ChoosingCategoryVC+ContextMenu.swift in Sources */,
				73B69E962BC802250034A5DA /* EditingTrackerVC+ScrollView.swift in Sources */,
				73B69E922BC7FFA80034A5DA /* EditingTrackerViewModelProtocol.swift in Sources */,
				730CC7142BCEC77100A43AB4 /* FilterViewModelProtocol.swift in Sources */,
				739DABFB2BC5680800B13471 /* TrackerVC+Delegates.swift in Sources */,
				739DABF92BC5673500B13471 /* TrackerVC+SearchResult.swift in Sources */,
				73F10E092BC547EB0010F5AD /* CreatingNewTrackerVC+TextField.swift in Sources */,
				737D9E072BC45A980002391F /* ScheduleViewModel.swift in Sources */,
				7323AE5A2BD2B46700076143 /* String+Ext.swift in Sources */,
				73B748D32BCEDABE008091A1 /* MainHelper.swift in Sources */,
				737D9E192BC472B40002391F /* CreatingNewCategoryVC+TextFieldDelegate.swift in Sources */,
				73F10E0D2BC5488B0010F5AD /* CreatingNewTrackerViewModel.swift in Sources */,
				737D9E0B2BC464130002391F /* EditingCategoryViewModel.swift in Sources */,
				737D9E0F2BC46A5F0002391F /* EditingCategoryVC+Delegate.swift in Sources */,
				73B69E9C2BC802840034A5DA /* EditingTrackerVC+TableView.swift in Sources */,
				73D079942BBECE41005EA9EC /* OnboardingVC.swift in Sources */,
				73A42E1A2BBAA9F700830AF5 /* TrackerCategoryCoreData.swift in Sources */,
				73A42E1C2BBAA9F700830AF5 /* TrackerCoreData.swift in Sources */,
				73A42E1E2BBAA9F700830AF5 /* TrackerRecordCoreData.swift in Sources */,
				73B0643C2BC6823B00AEDCBA /* ViewModelProtocol.swift in Sources */,
				73E562F52BA0B14C003A61AB /* UIView-Extension.swift in Sources */,
				7350FA4E2BC2E87C00661975 /* CustomCategoryCell.swift in Sources */,
				7366C6A02BC87DF800F37FBF /* StatisticViewModel.swift in Sources */,
				73E562F22BA0ADA3003A61AB /* StatisticViewController.swift in Sources */,
				737D9E032BC40EA90002391F /* ScheduleVC + TableView.swift in Sources */,
				73171B972BC525C600C102A5 /* CreatingOneOffTrackerViewModel.swift in Sources */,
				739DABF72BC566D600B13471 /* TrackerVC+Filter.swift in Sources */,
			);
			runOnlyForDeploymentPostprocessing = 0;
		};
/* End PBXSourcesBuildPhase section */

/* Begin PBXVariantGroup section */
		7349B7C42BD2D0F000D6C148 /* Localizable.stringsdict */ = {
			isa = PBXVariantGroup;
			children = (
				7349B7C52BD2D0F000D6C148 /* en */,
			);
			name = Localizable.stringsdict;
			sourceTree = "<group>";
		};
		73E562E72BA0A937003A61AB /* LaunchScreen.storyboard */ = {
			isa = PBXVariantGroup;
			children = (
				73E562E82BA0A937003A61AB /* Base */,
				73E8996A2BD28F8B00EE0DB0 /* ru */,
			);
			name = LaunchScreen.storyboard;
			sourceTree = "<group>";
		};
		73E899672BD28F1E00EE0DB0 /* Localizable.strings */ = {
			isa = PBXVariantGroup;
			children = (
				73E899682BD28F1E00EE0DB0 /* en */,
				73E8996B2BD28F8B00EE0DB0 /* ru */,
			);
			name = Localizable.strings;
			sourceTree = "<group>";
		};
/* End PBXVariantGroup section */

/* Begin XCBuildConfiguration section */
		73E562EB2BA0A937003A61AB /* Debug */ = {
			isa = XCBuildConfiguration;
			buildSettings = {
				ALWAYS_SEARCH_USER_PATHS = NO;
				ASSETCATALOG_COMPILER_GENERATE_SWIFT_ASSET_SYMBOL_EXTENSIONS = YES;
				CLANG_ANALYZER_LOCALIZABILITY_NONLOCALIZED = YES;
				CLANG_ANALYZER_NONNULL = YES;
				CLANG_ANALYZER_NUMBER_OBJECT_CONVERSION = YES_AGGRESSIVE;
				CLANG_CXX_LANGUAGE_STANDARD = "gnu++20";
				CLANG_ENABLE_MODULES = YES;
				CLANG_ENABLE_OBJC_ARC = YES;
				CLANG_ENABLE_OBJC_WEAK = YES;
				CLANG_WARN_BLOCK_CAPTURE_AUTORELEASING = YES;
				CLANG_WARN_BOOL_CONVERSION = YES;
				CLANG_WARN_COMMA = YES;
				CLANG_WARN_CONSTANT_CONVERSION = YES;
				CLANG_WARN_DEPRECATED_OBJC_IMPLEMENTATIONS = YES;
				CLANG_WARN_DIRECT_OBJC_ISA_USAGE = YES_ERROR;
				CLANG_WARN_DOCUMENTATION_COMMENTS = YES;
				CLANG_WARN_EMPTY_BODY = YES;
				CLANG_WARN_ENUM_CONVERSION = YES;
				CLANG_WARN_INFINITE_RECURSION = YES;
				CLANG_WARN_INT_CONVERSION = YES;
				CLANG_WARN_NON_LITERAL_NULL_CONVERSION = YES;
				CLANG_WARN_OBJC_IMPLICIT_RETAIN_SELF = YES;
				CLANG_WARN_OBJC_LITERAL_CONVERSION = YES;
				CLANG_WARN_OBJC_ROOT_CLASS = YES_ERROR;
				CLANG_WARN_QUOTED_INCLUDE_IN_FRAMEWORK_HEADER = YES;
				CLANG_WARN_RANGE_LOOP_ANALYSIS = YES;
				CLANG_WARN_STRICT_PROTOTYPES = YES;
				CLANG_WARN_SUSPICIOUS_MOVE = YES;
				CLANG_WARN_UNGUARDED_AVAILABILITY = YES_AGGRESSIVE;
				CLANG_WARN_UNREACHABLE_CODE = YES;
				CLANG_WARN__DUPLICATE_METHOD_MATCH = YES;
				COPY_PHASE_STRIP = NO;
				DEBUG_INFORMATION_FORMAT = dwarf;
				ENABLE_STRICT_OBJC_MSGSEND = YES;
				ENABLE_TESTABILITY = YES;
				ENABLE_USER_SCRIPT_SANDBOXING = YES;
				GCC_C_LANGUAGE_STANDARD = gnu17;
				GCC_DYNAMIC_NO_PIC = NO;
				GCC_NO_COMMON_BLOCKS = YES;
				GCC_OPTIMIZATION_LEVEL = 0;
				GCC_PREPROCESSOR_DEFINITIONS = (
					"DEBUG=1",
					"$(inherited)",
				);
				GCC_WARN_64_TO_32_BIT_CONVERSION = YES;
				GCC_WARN_ABOUT_RETURN_TYPE = YES_ERROR;
				GCC_WARN_UNDECLARED_SELECTOR = YES;
				GCC_WARN_UNINITIALIZED_AUTOS = YES_AGGRESSIVE;
				GCC_WARN_UNUSED_FUNCTION = YES;
				GCC_WARN_UNUSED_VARIABLE = YES;
				IPHONEOS_DEPLOYMENT_TARGET = 17.2;
				LOCALIZATION_PREFERS_STRING_CATALOGS = YES;
				MTL_ENABLE_DEBUG_INFO = INCLUDE_SOURCE;
				MTL_FAST_MATH = YES;
				ONLY_ACTIVE_ARCH = YES;
				SDKROOT = iphoneos;
				SWIFT_ACTIVE_COMPILATION_CONDITIONS = "DEBUG $(inherited)";
				SWIFT_OPTIMIZATION_LEVEL = "-Onone";
			};
			name = Debug;
		};
		73E562EC2BA0A937003A61AB /* Release */ = {
			isa = XCBuildConfiguration;
			buildSettings = {
				ALWAYS_SEARCH_USER_PATHS = NO;
				ASSETCATALOG_COMPILER_GENERATE_SWIFT_ASSET_SYMBOL_EXTENSIONS = YES;
				CLANG_ANALYZER_LOCALIZABILITY_NONLOCALIZED = YES;
				CLANG_ANALYZER_NONNULL = YES;
				CLANG_ANALYZER_NUMBER_OBJECT_CONVERSION = YES_AGGRESSIVE;
				CLANG_CXX_LANGUAGE_STANDARD = "gnu++20";
				CLANG_ENABLE_MODULES = YES;
				CLANG_ENABLE_OBJC_ARC = YES;
				CLANG_ENABLE_OBJC_WEAK = YES;
				CLANG_WARN_BLOCK_CAPTURE_AUTORELEASING = YES;
				CLANG_WARN_BOOL_CONVERSION = YES;
				CLANG_WARN_COMMA = YES;
				CLANG_WARN_CONSTANT_CONVERSION = YES;
				CLANG_WARN_DEPRECATED_OBJC_IMPLEMENTATIONS = YES;
				CLANG_WARN_DIRECT_OBJC_ISA_USAGE = YES_ERROR;
				CLANG_WARN_DOCUMENTATION_COMMENTS = YES;
				CLANG_WARN_EMPTY_BODY = YES;
				CLANG_WARN_ENUM_CONVERSION = YES;
				CLANG_WARN_INFINITE_RECURSION = YES;
				CLANG_WARN_INT_CONVERSION = YES;
				CLANG_WARN_NON_LITERAL_NULL_CONVERSION = YES;
				CLANG_WARN_OBJC_IMPLICIT_RETAIN_SELF = YES;
				CLANG_WARN_OBJC_LITERAL_CONVERSION = YES;
				CLANG_WARN_OBJC_ROOT_CLASS = YES_ERROR;
				CLANG_WARN_QUOTED_INCLUDE_IN_FRAMEWORK_HEADER = YES;
				CLANG_WARN_RANGE_LOOP_ANALYSIS = YES;
				CLANG_WARN_STRICT_PROTOTYPES = YES;
				CLANG_WARN_SUSPICIOUS_MOVE = YES;
				CLANG_WARN_UNGUARDED_AVAILABILITY = YES_AGGRESSIVE;
				CLANG_WARN_UNREACHABLE_CODE = YES;
				CLANG_WARN__DUPLICATE_METHOD_MATCH = YES;
				COPY_PHASE_STRIP = NO;
				DEBUG_INFORMATION_FORMAT = "dwarf-with-dsym";
				ENABLE_NS_ASSERTIONS = NO;
				ENABLE_STRICT_OBJC_MSGSEND = YES;
				ENABLE_USER_SCRIPT_SANDBOXING = YES;
				GCC_C_LANGUAGE_STANDARD = gnu17;
				GCC_NO_COMMON_BLOCKS = YES;
				GCC_WARN_64_TO_32_BIT_CONVERSION = YES;
				GCC_WARN_ABOUT_RETURN_TYPE = YES_ERROR;
				GCC_WARN_UNDECLARED_SELECTOR = YES;
				GCC_WARN_UNINITIALIZED_AUTOS = YES_AGGRESSIVE;
				GCC_WARN_UNUSED_FUNCTION = YES;
				GCC_WARN_UNUSED_VARIABLE = YES;
				IPHONEOS_DEPLOYMENT_TARGET = 17.2;
				LOCALIZATION_PREFERS_STRING_CATALOGS = YES;
				MTL_ENABLE_DEBUG_INFO = NO;
				MTL_FAST_MATH = YES;
				SDKROOT = iphoneos;
				SWIFT_COMPILATION_MODE = wholemodule;
				VALIDATE_PRODUCT = YES;
			};
			name = Release;
		};
		73E562EE2BA0A937003A61AB /* Debug */ = {
			isa = XCBuildConfiguration;
			buildSettings = {
				ASSETCATALOG_COMPILER_APPICON_NAME = AppIcon;
				ASSETCATALOG_COMPILER_GLOBAL_ACCENT_COLOR_NAME = AccentColor;
				CODE_SIGN_STYLE = Automatic;
				CURRENT_PROJECT_VERSION = 1;
				DEVELOPMENT_TEAM = 7W278NP9KT;
				GENERATE_INFOPLIST_FILE = YES;
				INFOPLIST_FILE = Tracker/Supporting/Info.plist;
				INFOPLIST_KEY_UIApplicationSupportsIndirectInputEvents = YES;
				INFOPLIST_KEY_UILaunchStoryboardName = LaunchScreen;
				INFOPLIST_KEY_UIStatusBarStyle = UIStatusBarStyleLightContent;
				INFOPLIST_KEY_UISupportedInterfaceOrientations_iPad = "UIInterfaceOrientationPortrait UIInterfaceOrientationPortraitUpsideDown UIInterfaceOrientationLandscapeLeft UIInterfaceOrientationLandscapeRight";
				INFOPLIST_KEY_UISupportedInterfaceOrientations_iPhone = "UIInterfaceOrientationPortrait UIInterfaceOrientationLandscapeLeft UIInterfaceOrientationLandscapeRight";
				IPHONEOS_DEPLOYMENT_TARGET = 13.4;
				LD_RUNPATH_SEARCH_PATHS = (
					"$(inherited)",
					"@executable_path/Frameworks",
				);
				MARKETING_VERSION = 1.0;
				PRODUCT_BUNDLE_IDENTIFIER = ru.yandex.practicum.TrackerSklyarovKO;
				PRODUCT_NAME = "$(TARGET_NAME)";
				SUPPORTED_PLATFORMS = "iphoneos iphonesimulator";
				SUPPORTS_MACCATALYST = NO;
				SUPPORTS_MAC_DESIGNED_FOR_IPHONE_IPAD = NO;
				SUPPORTS_XR_DESIGNED_FOR_IPHONE_IPAD = NO;
				SWIFT_EMIT_LOC_STRINGS = YES;
				SWIFT_VERSION = 5.0;
				TARGETED_DEVICE_FAMILY = 1;
			};
			name = Debug;
		};
		73E562EF2BA0A937003A61AB /* Release */ = {
			isa = XCBuildConfiguration;
			buildSettings = {
				ASSETCATALOG_COMPILER_APPICON_NAME = AppIcon;
				ASSETCATALOG_COMPILER_GLOBAL_ACCENT_COLOR_NAME = AccentColor;
				CODE_SIGN_STYLE = Automatic;
				CURRENT_PROJECT_VERSION = 1;
				DEVELOPMENT_TEAM = 7W278NP9KT;
				GENERATE_INFOPLIST_FILE = YES;
				INFOPLIST_FILE = Tracker/Supporting/Info.plist;
				INFOPLIST_KEY_UIApplicationSupportsIndirectInputEvents = YES;
				INFOPLIST_KEY_UILaunchStoryboardName = LaunchScreen;
				INFOPLIST_KEY_UIStatusBarStyle = UIStatusBarStyleLightContent;
				INFOPLIST_KEY_UISupportedInterfaceOrientations_iPad = "UIInterfaceOrientationPortrait UIInterfaceOrientationPortraitUpsideDown UIInterfaceOrientationLandscapeLeft UIInterfaceOrientationLandscapeRight";
				INFOPLIST_KEY_UISupportedInterfaceOrientations_iPhone = "UIInterfaceOrientationPortrait UIInterfaceOrientationLandscapeLeft UIInterfaceOrientationLandscapeRight";
				IPHONEOS_DEPLOYMENT_TARGET = 13.4;
				LD_RUNPATH_SEARCH_PATHS = (
					"$(inherited)",
					"@executable_path/Frameworks",
				);
				MARKETING_VERSION = 1.0;
				PRODUCT_BUNDLE_IDENTIFIER = ru.yandex.practicum.TrackerSklyarovKO;
				PRODUCT_NAME = "$(TARGET_NAME)";
				SUPPORTED_PLATFORMS = "iphoneos iphonesimulator";
				SUPPORTS_MACCATALYST = NO;
				SUPPORTS_MAC_DESIGNED_FOR_IPHONE_IPAD = NO;
				SUPPORTS_XR_DESIGNED_FOR_IPHONE_IPAD = NO;
				SWIFT_EMIT_LOC_STRINGS = YES;
				SWIFT_VERSION = 5.0;
				TARGETED_DEVICE_FAMILY = 1;
			};
			name = Release;
		};
/* End XCBuildConfiguration section */

/* Begin XCConfigurationList section */
		73E562D42BA0A936003A61AB /* Build configuration list for PBXProject "Tracker" */ = {
			isa = XCConfigurationList;
			buildConfigurations = (
				73E562EB2BA0A937003A61AB /* Debug */,
				73E562EC2BA0A937003A61AB /* Release */,
			);
			defaultConfigurationIsVisible = 0;
			defaultConfigurationName = Release;
		};
		73E562ED2BA0A937003A61AB /* Build configuration list for PBXNativeTarget "Tracker" */ = {
			isa = XCConfigurationList;
			buildConfigurations = (
				73E562EE2BA0A937003A61AB /* Debug */,
				73E562EF2BA0A937003A61AB /* Release */,
			);
			defaultConfigurationIsVisible = 0;
			defaultConfigurationName = Release;
		};
/* End XCConfigurationList section */

/* Begin XCVersionGroup section */
		73A630482BAF6CFB00CDD02C /* TrackerCoreData.xcdatamodeld */ = {
			isa = XCVersionGroup;
			children = (
				73A630492BAF6CFB00CDD02C /* TrackerCoreData.xcdatamodel */,
			);
			currentVersion = 73A630492BAF6CFB00CDD02C /* TrackerCoreData.xcdatamodel */;
			path = TrackerCoreData.xcdatamodeld;
			sourceTree = "<group>";
			versionGroupType = wrapper.xcdatamodel;
		};
/* End XCVersionGroup section */
	};
	rootObject = 73E562D12BA0A936003A61AB /* Project object */;
}
